# THIS IS AN AUTOGENERATED FILE. DO NOT EDIT THIS FILE DIRECTLY.
# yarn lockfile v1


"@angular/common@^4.4.3":
  version "4.4.3"
  resolved "https://registry.yarnpkg.com/@angular/common/-/common-4.4.3.tgz#f92ac68b02bec5f0e6d3603a843294dc96c96074"
  dependencies:
    tslib "^1.7.1"

"@angular/core@^4.4.3":
  version "4.4.3"
  resolved "https://registry.yarnpkg.com/@angular/core/-/core-4.4.3.tgz#e71d2b07beaacbab48ab7f51d4e2286ea5d70e15"
  dependencies:
    tslib "^1.7.1"

"@ngrx/core@^1.2.0":
  version "1.2.0"
  resolved "https://registry.yarnpkg.com/@ngrx/core/-/core-1.2.0.tgz#882b46abafa2e0e6d887cb71a1b2c2fa3e6d0dc6"

"@ngrx/store@^4.0.3":
  version "4.0.3"
  resolved "https://registry.yarnpkg.com/@ngrx/store/-/store-4.0.3.tgz#36abacdfa19bfb8506e40de80bae06050a1e15e9"

rxjs@^5.4.3:
  version "5.4.3"
  resolved "https://registry.yarnpkg.com/rxjs/-/rxjs-5.4.3.tgz#0758cddee6033d68e0fd53676f0f3596ce3d483f"
  dependencies:
    symbol-observable "^1.0.1"

symbol-observable@^1.0.1:
  version "1.0.4"
  resolved "https://registry.yarnpkg.com/symbol-observable/-/symbol-observable-1.0.4.tgz#29bf615d4aa7121bdd898b22d4b3f9bc4e2aa03d"

tslib@^1.7.1:
  version "1.7.1"
  resolved "https://registry.yarnpkg.com/tslib/-/tslib-1.7.1.tgz#bc8004164691923a79fe8378bbeb3da2017538ec"

typescript@^2.5.3:
  version "2.5.3"
  resolved "https://registry.yarnpkg.com/typescript/-/typescript-2.5.3.tgz#df3dcdc38f3beb800d4bc322646b04a3f6ca7f0d"

zone.js@^0.8.17:
  version "0.8.17"
  resolved "https://registry.yarnpkg.com/zone.js/-/zone.js-0.8.17.tgz#4c5e5185a857da8da793daf3919371c5a36b2a0b"
